
Microsoft Visual Studio Solution File, Format Version 12.00
# Visual Studio Version 17
VisualStudioVersion = 17.0.32126.317
MinimumVisualStudioVersion = 10.0.40219.1
Project("{9A19103F-16F7-4668-BE54-9A1E7A4F7556}") = "ConsoleApp1.PhoneSystem", "ConsoleApp1\ConsoleApp1.PhoneSystem.csproj", "{F5A83859-E77D-4C42-9ECF-7D8AE694745F}"
EndProject
Global
	GlobalSection(SolutionConfigurationPlatforms) = preSolution
		Debug|Any CPU = Debug|Any CPU
		Release|Any CPU = Release|Any CPU
	EndGlobalSection
	GlobalSection(ProjectConfigurationPlatforms) = postSolution
		{F5A83859-E77D-4C42-9ECF-7D8AE694745F}.Debug|Any CPU.ActiveCfg = Debug|Any CPU
		{F5A83859-E77D-4C42-9ECF-7D8AE694745F}.Debug|Any CPU.Build.0 = Debug|Any CPU
		{F5A83859-E77D-4C42-9ECF-7D8AE694745F}.Release|Any CPU.ActiveCfg = Release|Any CPU
		{F5A83859-E77D-4C42-9ECF-7D8AE694745F}.Release|Any CPU.Build.0 = Release|Any CPU
	EndGlobalSection
	GlobalSection(SolutionProperties) = preSolution
		HideSolutionNode = FALSE
	EndGlobalSection
	GlobalSection(ExtensibilityGlobals) = postSolution
		SolutionGuid = {F1A5F232-3BA4-4928-8D42-93DA43FA867C}
	EndGlobalSection
EndGlobal
